// !$*UTF8*$!
{
	archiveVersion = 1;
	classes = {
	};
	objectVersion = 51;
	objects = {

/* Begin PBXBuildFile section */
		3A511E9D26F8C47E00F7D506 /* AppDelegate.swift in Sources */ = {isa = PBXBuildFile; fileRef = 3A511E9C26F8C47E00F7D506 /* AppDelegate.swift */; };
		3A511E9F26F8C47E00F7D506 /* SceneDelegate.swift in Sources */ = {isa = PBXBuildFile; fileRef = 3A511E9E26F8C47E00F7D506 /* SceneDelegate.swift */; };
		3A511EA626F8C48100F7D506 /* Assets.xcassets in Resources */ = {isa = PBXBuildFile; fileRef = 3A511EA526F8C48100F7D506 /* Assets.xcassets */; };
		3A511EA926F8C48100F7D506 /* LaunchScreen.storyboard in Resources */ = {isa = PBXBuildFile; fileRef = 3A511EA726F8C48100F7D506 /* LaunchScreen.storyboard */; };
		3A511EB426F8C48200F7D506 /* MessageTests.swift in Sources */ = {isa = PBXBuildFile; fileRef = 3A511EB326F8C48200F7D506 /* MessageTests.swift */; };
		3A511EBF26F8C48200F7D506 /* MessageUITests.swift in Sources */ = {isa = PBXBuildFile; fileRef = 3A511EBE26F8C48200F7D506 /* MessageUITests.swift */; };
		3AA9FA9326F8D972006D39A6 /* LoginScreen.swift in Sources */ = {isa = PBXBuildFile; fileRef = 3AA9FA8926F8D972006D39A6 /* LoginScreen.swift */; };
		3AA9FA9426F8D972006D39A6 /* LoginViewController.swift in Sources */ = {isa = PBXBuildFile; fileRef = 3AA9FA8B26F8D972006D39A6 /* LoginViewController.swift */; };
		3AA9FA9526F8D972006D39A6 /* Alert.swift in Sources */ = {isa = PBXBuildFile; fileRef = 3AA9FA8D26F8D972006D39A6 /* Alert.swift */; };
		3AA9FA9626F8D972006D39A6 /* RegisterScreen.swift in Sources */ = {isa = PBXBuildFile; fileRef = 3AA9FA9026F8D972006D39A6 /* RegisterScreen.swift */; };
		3AA9FA9726F8D972006D39A6 /* RegisterViewController.swift in Sources */ = {isa = PBXBuildFile; fileRef = 3AA9FA9226F8D972006D39A6 /* RegisterViewController.swift */; };
		3AE1DF1426FA3732009B0F63 /* GoogleService-Info.plist in Resources */ = {isa = PBXBuildFile; fileRef = 3AE1DF1326FA3732009B0F63 /* GoogleService-Info.plist */; };
		3AE1DF1726FA5530009B0F63 /* Extension+UIView.swift in Sources */ = {isa = PBXBuildFile; fileRef = 3AE1DF1626FA5530009B0F63 /* Extension+UIView.swift */; };
		3AE1DF1926FA56F5009B0F63 /* CustomColor.swift in Sources */ = {isa = PBXBuildFile; fileRef = 3AE1DF1826FA56F5009B0F63 /* CustomColor.swift */; };
		3AE1DF1B26FA5A1B009B0F63 /* CustomFont.swift in Sources */ = {isa = PBXBuildFile; fileRef = 3AE1DF1A26FA5A1B009B0F63 /* CustomFont.swift */; };
		660A8593B96E5AA77948D9D0 /* Pods_Message.framework in Frameworks */ = {isa = PBXBuildFile; fileRef = 33721CF9B80C6E11B3294B75 /* Pods_Message.framework */; };
		A3B400666C0C53320811E150 /* Pods_Message_MessageUITests.framework in Frameworks */ = {isa = PBXBuildFile; fileRef = 5F072840EC4EB9C9B16E7820 /* Pods_Message_MessageUITests.framework */; };
		AE9EA07B7F6A6D07418FABD5 /* Pods_MessageTests.framework in Frameworks */ = {isa = PBXBuildFile; fileRef = 42ADFC1756B897AF3161CFE3 /* Pods_MessageTests.framework */; };
/* End PBXBuildFile section */

/* Begin PBXContainerItemProxy section */
		3A511EB026F8C48200F7D506 /* PBXContainerItemProxy */ = {
			isa = PBXContainerItemProxy;
			containerPortal = 3A511E9126F8C47E00F7D506 /* Project object */;
			proxyType = 1;
			remoteGlobalIDString = 3A511E9826F8C47E00F7D506;
			remoteInfo = Message;
		};
		3A511EBB26F8C48200F7D506 /* PBXContainerItemProxy */ = {
			isa = PBXContainerItemProxy;
			containerPortal = 3A511E9126F8C47E00F7D506 /* Project object */;
			proxyType = 1;
			remoteGlobalIDString = 3A511E9826F8C47E00F7D506;
			remoteInfo = Message;
		};
/* End PBXContainerItemProxy section */

/* Begin PBXFileReference section */
		16143C75163AC36D12F2B970 /* Pods-Message-MessageUITests.debug.xcconfig */ = {isa = PBXFileReference; includeInIndex = 1; lastKnownFileType = text.xcconfig; name = "Pods-Message-MessageUITests.debug.xcconfig"; path = "Target Support Files/Pods-Message-MessageUITests/Pods-Message-MessageUITests.debug.xcconfig"; sourceTree = "<group>"; };
		30CEB8A908A0E46C8E674E9C /* Pods-Message.debug.xcconfig */ = {isa = PBXFileReference; includeInIndex = 1; lastKnownFileType = text.xcconfig; name = "Pods-Message.debug.xcconfig"; path = "Target Support Files/Pods-Message/Pods-Message.debug.xcconfig"; sourceTree = "<group>"; };
		33721CF9B80C6E11B3294B75 /* Pods_Message.framework */ = {isa = PBXFileReference; explicitFileType = wrapper.framework; includeInIndex = 0; path = Pods_Message.framework; sourceTree = BUILT_PRODUCTS_DIR; };
		3A511E9926F8C47E00F7D506 /* Message.app */ = {isa = PBXFileReference; explicitFileType = wrapper.application; includeInIndex = 0; path = Message.app; sourceTree = BUILT_PRODUCTS_DIR; };
		3A511E9C26F8C47E00F7D506 /* AppDelegate.swift */ = {isa = PBXFileReference; lastKnownFileType = sourcecode.swift; path = AppDelegate.swift; sourceTree = "<group>"; };
		3A511E9E26F8C47E00F7D506 /* SceneDelegate.swift */ = {isa = PBXFileReference; lastKnownFileType = sourcecode.swift; path = SceneDelegate.swift; sourceTree = "<group>"; };
		3A511EA526F8C48100F7D506 /* Assets.xcassets */ = {isa = PBXFileReference; lastKnownFileType = folder.assetcatalog; path = Assets.xcassets; sourceTree = "<group>"; };
		3A511EA826F8C48100F7D506 /* Base */ = {isa = PBXFileReference; lastKnownFileType = file.storyboard; name = Base; path = Base.lproj/LaunchScreen.storyboard; sourceTree = "<group>"; };
		3A511EAA26F8C48100F7D506 /* Info.plist */ = {isa = PBXFileReference; lastKnownFileType = text.plist.xml; path = Info.plist; sourceTree = "<group>"; };
		3A511EAF26F8C48200F7D506 /* MessageTests.xctest */ = {isa = PBXFileReference; explicitFileType = wrapper.cfbundle; includeInIndex = 0; path = MessageTests.xctest; sourceTree = BUILT_PRODUCTS_DIR; };
		3A511EB326F8C48200F7D506 /* MessageTests.swift */ = {isa = PBXFileReference; lastKnownFileType = sourcecode.swift; path = MessageTests.swift; sourceTree = "<group>"; };
		3A511EB526F8C48200F7D506 /* Info.plist */ = {isa = PBXFileReference; lastKnownFileType = text.plist.xml; path = Info.plist; sourceTree = "<group>"; };
		3A511EBA26F8C48200F7D506 /* MessageUITests.xctest */ = {isa = PBXFileReference; explicitFileType = wrapper.cfbundle; includeInIndex = 0; path = MessageUITests.xctest; sourceTree = BUILT_PRODUCTS_DIR; };
		3A511EBE26F8C48200F7D506 /* MessageUITests.swift */ = {isa = PBXFileReference; lastKnownFileType = sourcecode.swift; path = MessageUITests.swift; sourceTree = "<group>"; };
		3A511EC026F8C48200F7D506 /* Info.plist */ = {isa = PBXFileReference; lastKnownFileType = text.plist.xml; path = Info.plist; sourceTree = "<group>"; };
		3AA9FA8926F8D972006D39A6 /* LoginScreen.swift */ = {isa = PBXFileReference; fileEncoding = 4; lastKnownFileType = sourcecode.swift; path = LoginScreen.swift; sourceTree = "<group>"; };
		3AA9FA8B26F8D972006D39A6 /* LoginViewController.swift */ = {isa = PBXFileReference; fileEncoding = 4; lastKnownFileType = sourcecode.swift; path = LoginViewController.swift; sourceTree = "<group>"; };
		3AA9FA8D26F8D972006D39A6 /* Alert.swift */ = {isa = PBXFileReference; fileEncoding = 4; lastKnownFileType = sourcecode.swift; path = Alert.swift; sourceTree = "<group>"; };
		3AA9FA9026F8D972006D39A6 /* RegisterScreen.swift */ = {isa = PBXFileReference; fileEncoding = 4; lastKnownFileType = sourcecode.swift; path = RegisterScreen.swift; sourceTree = "<group>"; };
		3AA9FA9226F8D972006D39A6 /* RegisterViewController.swift */ = {isa = PBXFileReference; fileEncoding = 4; lastKnownFileType = sourcecode.swift; path = RegisterViewController.swift; sourceTree = "<group>"; };
		3AE1DF1326FA3732009B0F63 /* GoogleService-Info.plist */ = {isa = PBXFileReference; fileEncoding = 4; lastKnownFileType = text.plist.xml; path = "GoogleService-Info.plist"; sourceTree = "<group>"; };
		3AE1DF1626FA5530009B0F63 /* Extension+UIView.swift */ = {isa = PBXFileReference; lastKnownFileType = sourcecode.swift; path = "Extension+UIView.swift"; sourceTree = "<group>"; };
		3AE1DF1826FA56F5009B0F63 /* CustomColor.swift */ = {isa = PBXFileReference; lastKnownFileType = sourcecode.swift; path = CustomColor.swift; sourceTree = "<group>"; };
		3AE1DF1A26FA5A1B009B0F63 /* CustomFont.swift */ = {isa = PBXFileReference; lastKnownFileType = sourcecode.swift; path = CustomFont.swift; sourceTree = "<group>"; };
		3AE1DF1D26FA5B5A009B0F63 /* Poppins-SemiBold.ttf */ = {isa = PBXFileReference; lastKnownFileType = file; path = "Poppins-SemiBold.ttf"; sourceTree = "<group>"; };
		3AE1DF1E26FA5B5B009B0F63 /* Poppins-Medium.ttf */ = {isa = PBXFileReference; lastKnownFileType = file; path = "Poppins-Medium.ttf"; sourceTree = "<group>"; };
		3AE1DF1F26FA5B5B009B0F63 /* Poppins-Bold.ttf */ = {isa = PBXFileReference; lastKnownFileType = file; path = "Poppins-Bold.ttf"; sourceTree = "<group>"; };
		41F3A2E84A362DEA96D86F43 /* Pods-Message.release.xcconfig */ = {isa = PBXFileReference; includeInIndex = 1; lastKnownFileType = text.xcconfig; name = "Pods-Message.release.xcconfig"; path = "Target Support Files/Pods-Message/Pods-Message.release.xcconfig"; sourceTree = "<group>"; };
		42ADFC1756B897AF3161CFE3 /* Pods_MessageTests.framework */ = {isa = PBXFileReference; explicitFileType = wrapper.framework; includeInIndex = 0; path = Pods_MessageTests.framework; sourceTree = BUILT_PRODUCTS_DIR; };
		4D14C10615DC624888E38717 /* Pods-MessageTests.release.xcconfig */ = {isa = PBXFileReference; includeInIndex = 1; lastKnownFileType = text.xcconfig; name = "Pods-MessageTests.release.xcconfig"; path = "Target Support Files/Pods-MessageTests/Pods-MessageTests.release.xcconfig"; sourceTree = "<group>"; };
		5F072840EC4EB9C9B16E7820 /* Pods_Message_MessageUITests.framework */ = {isa = PBXFileReference; explicitFileType = wrapper.framework; includeInIndex = 0; path = Pods_Message_MessageUITests.framework; sourceTree = BUILT_PRODUCTS_DIR; };
		768E0F97DF832A0B485EDFC4 /* Pods-Message-MessageUITests.release.xcconfig */ = {isa = PBXFileReference; includeInIndex = 1; lastKnownFileType = text.xcconfig; name = "Pods-Message-MessageUITests.release.xcconfig"; path = "Target Support Files/Pods-Message-MessageUITests/Pods-Message-MessageUITests.release.xcconfig"; sourceTree = "<group>"; };
		812DAA9981E925D30A495B3D /* Pods-MessageTests.debug.xcconfig */ = {isa = PBXFileReference; includeInIndex = 1; lastKnownFileType = text.xcconfig; name = "Pods-MessageTests.debug.xcconfig"; path = "Target Support Files/Pods-MessageTests/Pods-MessageTests.debug.xcconfig"; sourceTree = "<group>"; };
/* End PBXFileReference section */

/* Begin PBXFrameworksBuildPhase section */
		3A511E9626F8C47E00F7D506 /* Frameworks */ = {
			isa = PBXFrameworksBuildPhase;
			buildActionMask = 2147483647;
			files = (
				660A8593B96E5AA77948D9D0 /* Pods_Message.framework in Frameworks */,
			);
			runOnlyForDeploymentPostprocessing = 0;
		};
		3A511EAC26F8C48200F7D506 /* Frameworks */ = {
			isa = PBXFrameworksBuildPhase;
			buildActionMask = 2147483647;
			files = (
				AE9EA07B7F6A6D07418FABD5 /* Pods_MessageTests.framework in Frameworks */,
			);
			runOnlyForDeploymentPostprocessing = 0;
		};
		3A511EB726F8C48200F7D506 /* Frameworks */ = {
			isa = PBXFrameworksBuildPhase;
			buildActionMask = 2147483647;
			files = (
				A3B400666C0C53320811E150 /* Pods_Message_MessageUITests.framework in Frameworks */,
			);
			runOnlyForDeploymentPostprocessing = 0;
		};
/* End PBXFrameworksBuildPhase section */

/* Begin PBXGroup section */
		3A511E9026F8C47E00F7D506 = {
			isa = PBXGroup;
			children = (
				3A511E9B26F8C47E00F7D506 /* Message */,
				3A511EB226F8C48200F7D506 /* MessageTests */,
				3A511EBD26F8C48200F7D506 /* MessageUITests */,
				3A511E9A26F8C47E00F7D506 /* Products */,
				3E9CBA20F195E688D2A56551 /* Pods */,
				F398A6EA9ECB4F54F52FDB37 /* Frameworks */,
			);
			sourceTree = "<group>";
		};
		3A511E9A26F8C47E00F7D506 /* Products */ = {
			isa = PBXGroup;
			children = (
				3A511E9926F8C47E00F7D506 /* Message.app */,
				3A511EAF26F8C48200F7D506 /* MessageTests.xctest */,
				3A511EBA26F8C48200F7D506 /* MessageUITests.xctest */,
			);
			name = Products;
			sourceTree = "<group>";
		};
		3A511E9B26F8C47E00F7D506 /* Message */ = {
			isa = PBXGroup;
			children = (
				3AE1DF1526FA5442009B0F63 /* Utils */,
				3A511E9C26F8C47E00F7D506 /* AppDelegate.swift */,
				3A511E9E26F8C47E00F7D506 /* SceneDelegate.swift */,
				3A511EA526F8C48100F7D506 /* Assets.xcassets */,
				3AA9FA8C26F8D972006D39A6 /* Alert */,
				3AA9FA8726F8D972006D39A6 /* Login */,
				3AA9FA8E26F8D972006D39A6 /* Register */,
				3A511EA726F8C48100F7D506 /* LaunchScreen.storyboard */,
				3A511EAA26F8C48100F7D506 /* Info.plist */,
				3AE1DF1326FA3732009B0F63 /* GoogleService-Info.plist */,
			);
			path = Message;
			sourceTree = "<group>";
		};
		3A511EB226F8C48200F7D506 /* MessageTests */ = {
			isa = PBXGroup;
			children = (
				3A511EB326F8C48200F7D506 /* MessageTests.swift */,
				3A511EB526F8C48200F7D506 /* Info.plist */,
			);
			path = MessageTests;
			sourceTree = "<group>";
		};
		3A511EBD26F8C48200F7D506 /* MessageUITests */ = {
			isa = PBXGroup;
			children = (
				3A511EBE26F8C48200F7D506 /* MessageUITests.swift */,
				3A511EC026F8C48200F7D506 /* Info.plist */,
			);
			path = MessageUITests;
			sourceTree = "<group>";
		};
		3AA9FA8726F8D972006D39A6 /* Login */ = {
			isa = PBXGroup;
			children = (
				3AA9FA8826F8D972006D39A6 /* Screen */,
				3AA9FA8A26F8D972006D39A6 /* ViewController */,
			);
			path = Login;
			sourceTree = "<group>";
		};
		3AA9FA8826F8D972006D39A6 /* Screen */ = {
			isa = PBXGroup;
			children = (
				3AA9FA8926F8D972006D39A6 /* LoginScreen.swift */,
			);
			path = Screen;
			sourceTree = "<group>";
		};
		3AA9FA8A26F8D972006D39A6 /* ViewController */ = {
			isa = PBXGroup;
			children = (
				3AA9FA8B26F8D972006D39A6 /* LoginViewController.swift */,
			);
			path = ViewController;
			sourceTree = "<group>";
		};
		3AA9FA8C26F8D972006D39A6 /* Alert */ = {
			isa = PBXGroup;
			children = (
				3AA9FA8D26F8D972006D39A6 /* Alert.swift */,
			);
			path = Alert;
			sourceTree = "<group>";
		};
		3AA9FA8E26F8D972006D39A6 /* Register */ = {
			isa = PBXGroup;
			children = (
				3AA9FA8F26F8D972006D39A6 /* Screen */,
				3AA9FA9126F8D972006D39A6 /* ViewController */,
			);
			path = Register;
			sourceTree = "<group>";
		};
		3AA9FA8F26F8D972006D39A6 /* Screen */ = {
			isa = PBXGroup;
			children = (
				3AA9FA9026F8D972006D39A6 /* RegisterScreen.swift */,
			);
			path = Screen;
			sourceTree = "<group>";
		};
		3AA9FA9126F8D972006D39A6 /* ViewController */ = {
			isa = PBXGroup;
			children = (
				3AA9FA9226F8D972006D39A6 /* RegisterViewController.swift */,
			);
			path = ViewController;
			sourceTree = "<group>";
		};
		3AE1DF1526FA5442009B0F63 /* Utils */ = {
			isa = PBXGroup;
			children = (
				3AE1DF1C26FA5AD1009B0F63 /* Fonts */,
				3AE1DF1626FA5530009B0F63 /* Extension+UIView.swift */,
				3AE1DF1826FA56F5009B0F63 /* CustomColor.swift */,
				3AE1DF1A26FA5A1B009B0F63 /* CustomFont.swift */,
			);
			path = Utils;
			sourceTree = "<group>";
		};
		3AE1DF1C26FA5AD1009B0F63 /* Fonts */ = {
			isa = PBXGroup;
			children = (
				3AE1DF1E26FA5B5B009B0F63 /* Poppins-Medium.ttf */,
				3AE1DF1F26FA5B5B009B0F63 /* Poppins-Bold.ttf */,
				3AE1DF1D26FA5B5A009B0F63 /* Poppins-SemiBold.ttf */,
			);
			path = Fonts;
			sourceTree = "<group>";
		};
		3E9CBA20F195E688D2A56551 /* Pods */ = {
			isa = PBXGroup;
			children = (
				30CEB8A908A0E46C8E674E9C /* Pods-Message.debug.xcconfig */,
				41F3A2E84A362DEA96D86F43 /* Pods-Message.release.xcconfig */,
				16143C75163AC36D12F2B970 /* Pods-Message-MessageUITests.debug.xcconfig */,
				768E0F97DF832A0B485EDFC4 /* Pods-Message-MessageUITests.release.xcconfig */,
				812DAA9981E925D30A495B3D /* Pods-MessageTests.debug.xcconfig */,
				4D14C10615DC624888E38717 /* Pods-MessageTests.release.xcconfig */,
			);
			path = Pods;
			sourceTree = "<group>";
		};
		F398A6EA9ECB4F54F52FDB37 /* Frameworks */ = {
			isa = PBXGroup;
			children = (
				33721CF9B80C6E11B3294B75 /* Pods_Message.framework */,
				5F072840EC4EB9C9B16E7820 /* Pods_Message_MessageUITests.framework */,
				42ADFC1756B897AF3161CFE3 /* Pods_MessageTests.framework */,
			);
			name = Frameworks;
			sourceTree = "<group>";
		};
/* End PBXGroup section */

/* Begin PBXNativeTarget section */
		3A511E9826F8C47E00F7D506 /* Message */ = {
			isa = PBXNativeTarget;
			buildConfigurationList = 3A511EC326F8C48200F7D506 /* Build configuration list for PBXNativeTarget "Message" */;
			buildPhases = (
				CCC79F17C941322E536A3D8C /* [CP] Check Pods Manifest.lock */,
				3A511E9526F8C47E00F7D506 /* Sources */,
				3A511E9626F8C47E00F7D506 /* Frameworks */,
				3A511E9726F8C47E00F7D506 /* Resources */,
				2368EE33D1A81CF39C1EBE2F /* [CP] Embed Pods Frameworks */,
			);
			buildRules = (
			);
			dependencies = (
			);
			name = Message;
			productName = Message;
			productReference = 3A511E9926F8C47E00F7D506 /* Message.app */;
			productType = "com.apple.product-type.application";
		};
		3A511EAE26F8C48200F7D506 /* MessageTests */ = {
			isa = PBXNativeTarget;
			buildConfigurationList = 3A511EC626F8C48200F7D506 /* Build configuration list for PBXNativeTarget "MessageTests" */;
			buildPhases = (
				FFF3B7AA1AF68E3BF383B884 /* [CP] Check Pods Manifest.lock */,
				3A511EAB26F8C48200F7D506 /* Sources */,
				3A511EAC26F8C48200F7D506 /* Frameworks */,
				3A511EAD26F8C48200F7D506 /* Resources */,
			);
			buildRules = (
			);
			dependencies = (
				3A511EB126F8C48200F7D506 /* PBXTargetDependency */,
			);
			name = MessageTests;
			productName = MessageTests;
			productReference = 3A511EAF26F8C48200F7D506 /* MessageTests.xctest */;
			productType = "com.apple.product-type.bundle.unit-test";
		};
		3A511EB926F8C48200F7D506 /* MessageUITests */ = {
			isa = PBXNativeTarget;
			buildConfigurationList = 3A511EC926F8C48200F7D506 /* Build configuration list for PBXNativeTarget "MessageUITests" */;
			buildPhases = (
				B13C08140A1AE6563B0BC29B /* [CP] Check Pods Manifest.lock */,
				3A511EB626F8C48200F7D506 /* Sources */,
				3A511EB726F8C48200F7D506 /* Frameworks */,
				3A511EB826F8C48200F7D506 /* Resources */,
				EAC380D09D1719A1D285559A /* [CP] Embed Pods Frameworks */,
			);
			buildRules = (
			);
			dependencies = (
				3A511EBC26F8C48200F7D506 /* PBXTargetDependency */,
			);
			name = MessageUITests;
			productName = MessageUITests;
			productReference = 3A511EBA26F8C48200F7D506 /* MessageUITests.xctest */;
			productType = "com.apple.product-type.bundle.ui-testing";
		};
/* End PBXNativeTarget section */

/* Begin PBXProject section */
		3A511E9126F8C47E00F7D506 /* Project object */ = {
			isa = PBXProject;
			attributes = {
				LastSwiftUpdateCheck = 1250;
				LastUpgradeCheck = 1250;
				TargetAttributes = {
					3A511E9826F8C47E00F7D506 = {
						CreatedOnToolsVersion = 12.5.1;
					};
					3A511EAE26F8C48200F7D506 = {
						CreatedOnToolsVersion = 12.5.1;
						TestTargetID = 3A511E9826F8C47E00F7D506;
					};
					3A511EB926F8C48200F7D506 = {
						CreatedOnToolsVersion = 12.5.1;
						TestTargetID = 3A511E9826F8C47E00F7D506;
					};
				};
			};
			buildConfigurationList = 3A511E9426F8C47E00F7D506 /* Build configuration list for PBXProject "Message" */;
			compatibilityVersion = "Xcode 9.3";
			developmentRegion = en;
			hasScannedForEncodings = 0;
			knownRegions = (
				en,
				Base,
			);
			mainGroup = 3A511E9026F8C47E00F7D506;
			productRefGroup = 3A511E9A26F8C47E00F7D506 /* Products */;
			projectDirPath = "";
			projectRoot = "";
			targets = (
				3A511E9826F8C47E00F7D506 /* Message */,
				3A511EAE26F8C48200F7D506 /* MessageTests */,
				3A511EB926F8C48200F7D506 /* MessageUITests */,
			);
		};
/* End PBXProject section */

/* Begin PBXResourcesBuildPhase section */
		3A511E9726F8C47E00F7D506 /* Resources */ = {
			isa = PBXResourcesBuildPhase;
			buildActionMask = 2147483647;
			files = (
				3A511EA926F8C48100F7D506 /* LaunchScreen.storyboard in Resources */,
				3A511EA626F8C48100F7D506 /* Assets.xcassets in Resources */,
				3AE1DF1426FA3732009B0F63 /* GoogleService-Info.plist in Resources */,
			);
			runOnlyForDeploymentPostprocessing = 0;
		};
		3A511EAD26F8C48200F7D506 /* Resources */ = {
			isa = PBXResourcesBuildPhase;
			buildActionMask = 2147483647;
			files = (
			);
			runOnlyForDeploymentPostprocessing = 0;
		};
		3A511EB826F8C48200F7D506 /* Resources */ = {
			isa = PBXResourcesBuildPhase;
			buildActionMask = 2147483647;
			files = (
			);
			runOnlyForDeploymentPostprocessing = 0;
		};
/* End PBXResourcesBuildPhase section */

/* Begin PBXShellScriptBuildPhase section */
		2368EE33D1A81CF39C1EBE2F /* [CP] Embed Pods Frameworks */ = {
			isa = PBXShellScriptBuildPhase;
			buildActionMask = 2147483647;
			files = (
			);
			inputFileListPaths = (
				"${PODS_ROOT}/Target Support Files/Pods-Message/Pods-Message-frameworks-${CONFIGURATION}-input-files.xcfilelist",
			);
			name = "[CP] Embed Pods Frameworks";
			outputFileListPaths = (
				"${PODS_ROOT}/Target Support Files/Pods-Message/Pods-Message-frameworks-${CONFIGURATION}-output-files.xcfilelist",
			);
			runOnlyForDeploymentPostprocessing = 0;
			shellPath = /bin/sh;
			shellScript = "\"${PODS_ROOT}/Target Support Files/Pods-Message/Pods-Message-frameworks.sh\"\n";
			showEnvVarsInLog = 0;
		};
		B13C08140A1AE6563B0BC29B /* [CP] Check Pods Manifest.lock */ = {
			isa = PBXShellScriptBuildPhase;
			buildActionMask = 2147483647;
			files = (
			);
			inputFileListPaths = (
			);
			inputPaths = (
				"${PODS_PODFILE_DIR_PATH}/Podfile.lock",
				"${PODS_ROOT}/Manifest.lock",
			);
			name = "[CP] Check Pods Manifest.lock";
			outputFileListPaths = (
			);
			outputPaths = (
				"$(DERIVED_FILE_DIR)/Pods-Message-MessageUITests-checkManifestLockResult.txt",
			);
			runOnlyForDeploymentPostprocessing = 0;
			shellPath = /bin/sh;
			shellScript = "diff \"${PODS_PODFILE_DIR_PATH}/Podfile.lock\" \"${PODS_ROOT}/Manifest.lock\" > /dev/null\nif [ $? != 0 ] ; then\n    # print error to STDERR\n    echo \"error: The sandbox is not in sync with the Podfile.lock. Run 'pod install' or update your CocoaPods installation.\" >&2\n    exit 1\nfi\n# This output is used by Xcode 'outputs' to avoid re-running this script phase.\necho \"SUCCESS\" > \"${SCRIPT_OUTPUT_FILE_0}\"\n";
			showEnvVarsInLog = 0;
		};
		CCC79F17C941322E536A3D8C /* [CP] Check Pods Manifest.lock */ = {
			isa = PBXShellScriptBuildPhase;
			buildActionMask = 2147483647;
			files = (
			);
			inputFileListPaths = (
			);
			inputPaths = (
				"${PODS_PODFILE_DIR_PATH}/Podfile.lock",
				"${PODS_ROOT}/Manifest.lock",
			);
			name = "[CP] Check Pods Manifest.lock";
			outputFileListPaths = (
			);
			outputPaths = (
				"$(DERIVED_FILE_DIR)/Pods-Message-checkManifestLockResult.txt",
			);
			runOnlyForDeploymentPostprocessing = 0;
			shellPath = /bin/sh;
			shellScript = "diff \"${PODS_PODFILE_DIR_PATH}/Podfile.lock\" \"${PODS_ROOT}/Manifest.lock\" > /dev/null\nif [ $? != 0 ] ; then\n    # print error to STDERR\n    echo \"error: The sandbox is not in sync with the Podfile.lock. Run 'pod install' or update your CocoaPods installation.\" >&2\n    exit 1\nfi\n# This output is used by Xcode 'outputs' to avoid re-running this script phase.\necho \"SUCCESS\" > \"${SCRIPT_OUTPUT_FILE_0}\"\n";
			showEnvVarsInLog = 0;
		};
		EAC380D09D1719A1D285559A /* [CP] Embed Pods Frameworks */ = {
			isa = PBXShellScriptBuildPhase;
			buildActionMask = 2147483647;
			files = (
			);
			inputFileListPaths = (
				"${PODS_ROOT}/Target Support Files/Pods-Message-MessageUITests/Pods-Message-MessageUITests-frameworks-${CONFIGURATION}-input-files.xcfilelist",
			);
			name = "[CP] Embed Pods Frameworks";
			outputFileListPaths = (
				"${PODS_ROOT}/Target Support Files/Pods-Message-MessageUITests/Pods-Message-MessageUITests-frameworks-${CONFIGURATION}-output-files.xcfilelist",
			);
			runOnlyForDeploymentPostprocessing = 0;
			shellPath = /bin/sh;
			shellScript = "\"${PODS_ROOT}/Target Support Files/Pods-Message-MessageUITests/Pods-Message-MessageUITests-frameworks.sh\"\n";
			showEnvVarsInLog = 0;
		};
		FFF3B7AA1AF68E3BF383B884 /* [CP] Check Pods Manifest.lock */ = {
			isa = PBXShellScriptBuildPhase;
			buildActionMask = 2147483647;
			files = (
			);
			inputFileListPaths = (
			);
			inputPaths = (
				"${PODS_PODFILE_DIR_PATH}/Podfile.lock",
				"${PODS_ROOT}/Manifest.lock",
			);
			name = "[CP] Check Pods Manifest.lock";
			outputFileListPaths = (
			);
			outputPaths = (
				"$(DERIVED_FILE_DIR)/Pods-MessageTests-checkManifestLockResult.txt",
			);
			runOnlyForDeploymentPostprocessing = 0;
			shellPath = /bin/sh;
			shellScript = "diff \"${PODS_PODFILE_DIR_PATH}/Podfile.lock\" \"${PODS_ROOT}/Manifest.lock\" > /dev/null\nif [ $? != 0 ] ; then\n    # print error to STDERR\n    echo \"error: The sandbox is not in sync with the Podfile.lock. Run 'pod install' or update your CocoaPods installation.\" >&2\n    exit 1\nfi\n# This output is used by Xcode 'outputs' to avoid re-running this script phase.\necho \"SUCCESS\" > \"${SCRIPT_OUTPUT_FILE_0}\"\n";
			showEnvVarsInLog = 0;
		};
/* End PBXShellScriptBuildPhase section */

/* Begin PBXSourcesBuildPhase section */
		3A511E9526F8C47E00F7D506 /* Sources */ = {
			isa = PBXSourcesBuildPhase;
			buildActionMask = 2147483647;
			files = (
				3AA9FA9626F8D972006D39A6 /* RegisterScreen.swift in Sources */,
				3AA9FA9426F8D972006D39A6 /* LoginViewController.swift in Sources */,
				3AE1DF1926FA56F5009B0F63 /* CustomColor.swift in Sources */,
				3AE1DF1726FA5530009B0F63 /* Extension+UIView.swift in Sources */,
				3AA9FA9726F8D972006D39A6 /* RegisterViewController.swift in Sources */,
				3AE1DF1B26FA5A1B009B0F63 /* CustomFont.swift in Sources */,
				3A511E9D26F8C47E00F7D506 /* AppDelegate.swift in Sources */,
				3A511E9F26F8C47E00F7D506 /* SceneDelegate.swift in Sources */,
				3AA9FA9526F8D972006D39A6 /* Alert.swift in Sources */,
				3AA9FA9326F8D972006D39A6 /* LoginScreen.swift in Sources */,
			);
			runOnlyForDeploymentPostprocessing = 0;
		};
		3A511EAB26F8C48200F7D506 /* Sources */ = {
			isa = PBXSourcesBuildPhase;
			buildActionMask = 2147483647;
			files = (
				3A511EB426F8C48200F7D506 /* MessageTests.swift in Sources */,
			);
			runOnlyForDeploymentPostprocessing = 0;
		};
		3A511EB626F8C48200F7D506 /* Sources */ = {
			isa = PBXSourcesBuildPhase;
			buildActionMask = 2147483647;
			files = (
				3A511EBF26F8C48200F7D506 /* MessageUITests.swift in Sources */,
			);
			runOnlyForDeploymentPostprocessing = 0;
		};
/* End PBXSourcesBuildPhase section */

/* Begin PBXTargetDependency section */
		3A511EB126F8C48200F7D506 /* PBXTargetDependency */ = {
			isa = PBXTargetDependency;
			target = 3A511E9826F8C47E00F7D506 /* Message */;
			targetProxy = 3A511EB026F8C48200F7D506 /* PBXContainerItemProxy */;
		};
		3A511EBC26F8C48200F7D506 /* PBXTargetDependency */ = {
			isa = PBXTargetDependency;
			target = 3A511E9826F8C47E00F7D506 /* Message */;
			targetProxy = 3A511EBB26F8C48200F7D506 /* PBXContainerItemProxy */;
		};
/* End PBXTargetDependency section */

/* Begin PBXVariantGroup section */
		3A511EA726F8C48100F7D506 /* LaunchScreen.storyboard */ = {
			isa = PBXVariantGroup;
			children = (
				3A511EA826F8C48100F7D506 /* Base */,
			);
			name = LaunchScreen.storyboard;
			sourceTree = "<group>";
		};
/* End PBXVariantGroup section */

/* Begin XCBuildConfiguration section */
		3A511EC126F8C48200F7D506 /* Debug */ = {
			isa = XCBuildConfiguration;
			buildSettings = {
				ALWAYS_SEARCH_USER_PATHS = NO;
				CLANG_ANALYZER_NONNULL = YES;
				CLANG_ANALYZER_NUMBER_OBJECT_CONVERSION = YES_AGGRESSIVE;
				CLANG_CXX_LANGUAGE_STANDARD = "gnu++14";
				CLANG_CXX_LIBRARY = "libc++";
				CLANG_ENABLE_MODULES = YES;
				CLANG_ENABLE_OBJC_ARC = YES;
				CLANG_ENABLE_OBJC_WEAK = YES;
				CLANG_WARN_BLOCK_CAPTURE_AUTORELEASING = YES;
				CLANG_WARN_BOOL_CONVERSION = YES;
				CLANG_WARN_COMMA = YES;
				CLANG_WARN_CONSTANT_CONVERSION = YES;
				CLANG_WARN_DEPRECATED_OBJC_IMPLEMENTATIONS = YES;
				CLANG_WARN_DIRECT_OBJC_ISA_USAGE = YES_ERROR;
				CLANG_WARN_DOCUMENTATION_COMMENTS = YES;
				CLANG_WARN_EMPTY_BODY = YES;
				CLANG_WARN_ENUM_CONVERSION = YES;
				CLANG_WARN_INFINITE_RECURSION = YES;
				CLANG_WARN_INT_CONVERSION = YES;
				CLANG_WARN_NON_LITERAL_NULL_CONVERSION = YES;
				CLANG_WARN_OBJC_IMPLICIT_RETAIN_SELF = YES;
				CLANG_WARN_OBJC_LITERAL_CONVERSION = YES;
				CLANG_WARN_OBJC_ROOT_CLASS = YES_ERROR;
				CLANG_WARN_QUOTED_INCLUDE_IN_FRAMEWORK_HEADER = YES;
				CLANG_WARN_RANGE_LOOP_ANALYSIS = YES;
				CLANG_WARN_STRICT_PROTOTYPES = YES;
				CLANG_WARN_SUSPICIOUS_MOVE = YES;
				CLANG_WARN_UNGUARDED_AVAILABILITY = YES_AGGRESSIVE;
				CLANG_WARN_UNREACHABLE_CODE = YES;
				CLANG_WARN__DUPLICATE_METHOD_MATCH = YES;
				COPY_PHASE_STRIP = NO;
				DEBUG_INFORMATION_FORMAT = dwarf;
				ENABLE_STRICT_OBJC_MSGSEND = YES;
				ENABLE_TESTABILITY = YES;
				GCC_C_LANGUAGE_STANDARD = gnu11;
				GCC_DYNAMIC_NO_PIC = NO;
				GCC_NO_COMMON_BLOCKS = YES;
				GCC_OPTIMIZATION_LEVEL = 0;
				GCC_PREPROCESSOR_DEFINITIONS = (
					"DEBUG=1",
					"$(inherited)",
				);
				GCC_WARN_64_TO_32_BIT_CONVERSION = YES;
				GCC_WARN_ABOUT_RETURN_TYPE = YES_ERROR;
				GCC_WARN_UNDECLARED_SELECTOR = YES;
				GCC_WARN_UNINITIALIZED_AUTOS = YES_AGGRESSIVE;
				GCC_WARN_UNUSED_FUNCTION = YES;
				GCC_WARN_UNUSED_VARIABLE = YES;
				IPHONEOS_DEPLOYMENT_TARGET = 14.5;
				MTL_ENABLE_DEBUG_INFO = INCLUDE_SOURCE;
				MTL_FAST_MATH = YES;
				ONLY_ACTIVE_ARCH = YES;
				SDKROOT = iphoneos;
				SWIFT_ACTIVE_COMPILATION_CONDITIONS = DEBUG;
				SWIFT_OPTIMIZATION_LEVEL = "-Onone";
			};
			name = Debug;
		};
		3A511EC226F8C48200F7D506 /* Release */ = {
			isa = XCBuildConfiguration;
			buildSettings = {
				ALWAYS_SEARCH_USER_PATHS = NO;
				CLANG_ANALYZER_NONNULL = YES;
				CLANG_ANALYZER_NUMBER_OBJECT_CONVERSION = YES_AGGRESSIVE;
				CLANG_CXX_LANGUAGE_STANDARD = "gnu++14";
				CLANG_CXX_LIBRARY = "libc++";
				CLANG_ENABLE_MODULES = YES;
				CLANG_ENABLE_OBJC_ARC = YES;
				CLANG_ENABLE_OBJC_WEAK = YES;
				CLANG_WARN_BLOCK_CAPTURE_AUTORELEASING = YES;
				CLANG_WARN_BOOL_CONVERSION = YES;
				CLANG_WARN_COMMA = YES;
				CLANG_WARN_CONSTANT_CONVERSION = YES;
				CLANG_WARN_DEPRECATED_OBJC_IMPLEMENTATIONS = YES;
				CLANG_WARN_DIRECT_OBJC_ISA_USAGE = YES_ERROR;
				CLANG_WARN_DOCUMENTATION_COMMENTS = YES;
				CLANG_WARN_EMPTY_BODY = YES;
				CLANG_WARN_ENUM_CONVERSION = YES;
				CLANG_WARN_INFINITE_RECURSION = YES;
				CLANG_WARN_INT_CONVERSION = YES;
				CLANG_WARN_NON_LITERAL_NULL_CONVERSION = YES;
				CLANG_WARN_OBJC_IMPLICIT_RETAIN_SELF = YES;
				CLANG_WARN_OBJC_LITERAL_CONVERSION = YES;
				CLANG_WARN_OBJC_ROOT_CLASS = YES_ERROR;
				CLANG_WARN_QUOTED_INCLUDE_IN_FRAMEWORK_HEADER = YES;
				CLANG_WARN_RANGE_LOOP_ANALYSIS = YES;
				CLANG_WARN_STRICT_PROTOTYPES = YES;
				CLANG_WARN_SUSPICIOUS_MOVE = YES;
				CLANG_WARN_UNGUARDED_AVAILABILITY = YES_AGGRESSIVE;
				CLANG_WARN_UNREACHABLE_CODE = YES;
				CLANG_WARN__DUPLICATE_METHOD_MATCH = YES;
				COPY_PHASE_STRIP = NO;
				DEBUG_INFORMATION_FORMAT = "dwarf-with-dsym";
				ENABLE_NS_ASSERTIONS = NO;
				ENABLE_STRICT_OBJC_MSGSEND = YES;
				GCC_C_LANGUAGE_STANDARD = gnu11;
				GCC_NO_COMMON_BLOCKS = YES;
				GCC_WARN_64_TO_32_BIT_CONVERSION = YES;
				GCC_WARN_ABOUT_RETURN_TYPE = YES_ERROR;
				GCC_WARN_UNDECLARED_SELECTOR = YES;
				GCC_WARN_UNINITIALIZED_AUTOS = YES_AGGRESSIVE;
				GCC_WARN_UNUSED_FUNCTION = YES;
				GCC_WARN_UNUSED_VARIABLE = YES;
				IPHONEOS_DEPLOYMENT_TARGET = 14.5;
				MTL_ENABLE_DEBUG_INFO = NO;
				MTL_FAST_MATH = YES;
				SDKROOT = iphoneos;
				SWIFT_COMPILATION_MODE = wholemodule;
				SWIFT_OPTIMIZATION_LEVEL = "-O";
				VALIDATE_PRODUCT = YES;
			};
			name = Release;
		};
		3A511EC426F8C48200F7D506 /* Debug */ = {
			isa = XCBuildConfiguration;
			baseConfigurationReference = 30CEB8A908A0E46C8E674E9C /* Pods-Message.debug.xcconfig */;
			buildSettings = {
				ASSETCATALOG_COMPILER_APPICON_NAME = AppIcon;
				ASSETCATALOG_COMPILER_GLOBAL_ACCENT_COLOR_NAME = AccentColor;
				CODE_SIGN_STYLE = Automatic;
				INFOPLIST_FILE = Message/Info.plist;
				LD_RUNPATH_SEARCH_PATHS = (
					"$(inherited)",
					"@executable_path/Frameworks",
				);
				PRODUCT_BUNDLE_IDENTIFIER = com.paulorod07.Message;
				PRODUCT_NAME = "$(TARGET_NAME)";
				SWIFT_VERSION = 5.0;
				TARGETED_DEVICE_FAMILY = 1;
			};
			name = Debug;
		};
		3A511EC526F8C48200F7D506 /* Release */ = {
			isa = XCBuildConfiguration;
			baseConfigurationReference = 41F3A2E84A362DEA96D86F43 /* Pods-Message.release.xcconfig */;
			buildSettings = {
				ASSETCATALOG_COMPILER_APPICON_NAME = AppIcon;
				ASSETCATALOG_COMPILER_GLOBAL_ACCENT_COLOR_NAME = AccentColor;
				CODE_SIGN_STYLE = Automatic;
				INFOPLIST_FILE = Message/Info.plist;
				LD_RUNPATH_SEARCH_PATHS = (
					"$(inherited)",
					"@executable_path/Frameworks",
				);
				PRODUCT_BUNDLE_IDENTIFIER = com.paulorod07.Message;
				PRODUCT_NAME = "$(TARGET_NAME)";
				SWIFT_VERSION = 5.0;
				TARGETED_DEVICE_FAMILY = 1;
			};
			name = Release;
		};
		3A511EC726F8C48200F7D506 /* Debug */ = {
			isa = XCBuildConfiguration;
			baseConfigurationReference = 812DAA9981E925D30A495B3D /* Pods-MessageTests.debug.xcconfig */;
			buildSettings = {
				ALWAYS_EMBED_SWIFT_STANDARD_LIBRARIES = YES;
				BUNDLE_LOADER = "$(TEST_HOST)";
				CODE_SIGN_STYLE = Automatic;
				INFOPLIST_FILE = MessageTests/Info.plist;
				IPHONEOS_DEPLOYMENT_TARGET = 14.5;
				LD_RUNPATH_SEARCH_PATHS = (
					"$(inherited)",
					"@executable_path/Frameworks",
					"@loader_path/Frameworks",
				);
				PRODUCT_BUNDLE_IDENTIFIER = com.paulorod07.MessageTests;
				PRODUCT_NAME = "$(TARGET_NAME)";
				SWIFT_VERSION = 5.0;
				TARGETED_DEVICE_FAMILY = "1,2";
				TEST_HOST = "$(BUILT_PRODUCTS_DIR)/Message.app/Message";
			};
			name = Debug;
		};
		3A511EC826F8C48200F7D506 /* Release */ = {
			isa = XCBuildConfiguration;
			baseConfigurationReference = 4D14C10615DC624888E38717 /* Pods-MessageTests.release.xcconfig */;
			buildSettings = {
				ALWAYS_EMBED_SWIFT_STANDARD_LIBRARIES = YES;
				BUNDLE_LOADER = "$(TEST_HOST)";
				CODE_SIGN_STYLE = Automatic;
				INFOPLIST_FILE = MessageTests/Info.plist;
				IPHONEOS_DEPLOYMENT_TARGET = 14.5;
				LD_RUNPATH_SEARCH_PATHS = (
					"$(inherited)",
					"@executable_path/Frameworks",
					"@loader_path/Frameworks",
				);
				PRODUCT_BUNDLE_IDENTIFIER = com.paulorod07.MessageTests;
				PRODUCT_NAME = "$(TARGET_NAME)";
				SWIFT_VERSION = 5.0;
				TARGETED_DEVICE_FAMILY = "1,2";
				TEST_HOST = "$(BUILT_PRODUCTS_DIR)/Message.app/Message";
			};
			name = Release;
		};
		3A511ECA26F8C48200F7D506 /* Debug */ = {
			isa = XCBuildConfiguration;
			baseConfigurationReference = 16143C75163AC36D12F2B970 /* Pods-Message-MessageUITests.debug.xcconfig */;
			buildSettings = {
				ALWAYS_EMBED_SWIFT_STANDARD_LIBRARIES = YES;
				CODE_SIGN_STYLE = Automatic;
				INFOPLIST_FILE = MessageUITests/Info.plist;
				LD_RUNPATH_SEARCH_PATHS = (
					"$(inherited)",
					"@executable_path/Frameworks",
					"@loader_path/Frameworks",
				);
				PRODUCT_BUNDLE_IDENTIFIER = com.paulorod07.MessageUITests;
				PRODUCT_NAME = "$(TARGET_NAME)";
				SWIFT_VERSION = 5.0;
				TARGETED_DEVICE_FAMILY = "1,2";
				TEST_TARGET_NAME = Message;
			};
			name = Debug;
		};
		3A511ECB26F8C48200F7D506 /* Release */ = {
			isa = XCBuildConfiguration;
			baseConfigurationReference = 768E0F97DF832A0B485EDFC4 /* Pods-Message-MessageUITests.release.xcconfig */;
			buildSettings = {
				ALWAYS_EMBED_SWIFT_STANDARD_LIBRARIES = YES;
				CODE_SIGN_STYLE = Automatic;
				INFOPLIST_FILE = MessageUITests/Info.plist;
				LD_RUNPATH_SEARCH_PATHS = (
					"$(inherited)",
					"@executable_path/Frameworks",
					"@loader_path/Frameworks",
				);
				PRODUCT_BUNDLE_IDENTIFIER = com.paulorod07.MessageUITests;
				PRODUCT_NAME = "$(TARGET_NAME)";
				SWIFT_VERSION = 5.0;
				TARGETED_DEVICE_FAMILY = "1,2";
				TEST_TARGET_NAME = Message;
			};
			name = Release;
		};
/* End XCBuildConfiguration section */

/* Begin XCConfigurationList section */
		3A511E9426F8C47E00F7D506 /* Build configuration list for PBXProject "Message" */ = {
			isa = XCConfigurationList;
			buildConfigurations = (
				3A511EC126F8C48200F7D506 /* Debug */,
				3A511EC226F8C48200F7D506 /* Release */,
			);
			defaultConfigurationIsVisible = 0;
			defaultConfigurationName = Release;
		};
		3A511EC326F8C48200F7D506 /* Build configuration list for PBXNativeTarget "Message" */ = {
			isa = XCConfigurationList;
			buildConfigurations = (
				3A511EC426F8C48200F7D506 /* Debug */,
				3A511EC526F8C48200F7D506 /* Release */,
			);
			defaultConfigurationIsVisible = 0;
			defaultConfigurationName = Release;
		};
		3A511EC626F8C48200F7D506 /* Build configuration list for PBXNativeTarget "MessageTests" */ = {
			isa = XCConfigurationList;
			buildConfigurations = (
				3A511EC726F8C48200F7D506 /* Debug */,
				3A511EC826F8C48200F7D506 /* Release */,
			);
			defaultConfigurationIsVisible = 0;
			defaultConfigurationName = Release;
		};
		3A511EC926F8C48200F7D506 /* Build configuration list for PBXNativeTarget "MessageUITests" */ = {
			isa = XCConfigurationList;
			buildConfigurations = (
				3A511ECA26F8C48200F7D506 /* Debug */,
				3A511ECB26F8C48200F7D506 /* Release */,
			);
			defaultConfigurationIsVisible = 0;
			defaultConfigurationName = Release;
		};
/* End XCConfigurationList section */
	};
	rootObject = 3A511E9126F8C47E00F7D506 /* Project object */;
}
